
Microsoft Visual Studio Solution File, Format Version 12.00
# Visual Studio Version 16
VisualStudioVersion = 16.0.28803.352
MinimumVisualStudioVersion = 10.0.40219.1
Project("{FAE04EC0-301F-11D3-BF4B-00C04F79EFBC}") = "Project1", "Project1\Project1.csproj", "{08931A26-BB8E-45C3-B4CF-31827CE308EE}"
EndProject
Project("{FAE04EC0-301F-11D3-BF4B-00C04F79EFBC}") = "Project1Tests", "Project1Tests\Project1Tests.csproj", "{8ED5DE9C-16EF-41E9-8196-1F4C8BFCCC7D}"
EndProject
Global
	GlobalSection(SolutionConfigurationPlatforms) = preSolution
		Debug|Any CPU = Debug|Any CPU
		Release|Any CPU = Release|Any CPU
	EndGlobalSection
	GlobalSection(ProjectConfigurationPlatforms) = postSolution
		{08931A26-BB8E-45C3-B4CF-31827CE308EE}.Debug|Any CPU.ActiveCfg = Debug|Any CPU
		{08931A26-BB8E-45C3-B4CF-31827CE308EE}.Debug|Any CPU.Build.0 = Debug|Any CPU
		{08931A26-BB8E-45C3-B4CF-31827CE308EE}.Release|Any CPU.ActiveCfg = Release|Any CPU
		{08931A26-BB8E-45C3-B4CF-31827CE308EE}.Release|Any CPU.Build.0 = Release|Any CPU
		{8ED5DE9C-16EF-41E9-8196-1F4C8BFCCC7D}.Debug|Any CPU.ActiveCfg = Debug|Any CPU
		{8ED5DE9C-16EF-41E9-8196-1F4C8BFCCC7D}.Debug|Any CPU.Build.0 = Debug|Any CPU
		{8ED5DE9C-16EF-41E9-8196-1F4C8BFCCC7D}.Release|Any CPU.ActiveCfg = Release|Any CPU
		{8ED5DE9C-16EF-41E9-8196-1F4C8BFCCC7D}.Release|Any CPU.Build.0 = Release|Any CPU
	EndGlobalSection
	GlobalSection(SolutionProperties) = preSolution
		HideSolutionNode = FALSE
	EndGlobalSection
	GlobalSection(ExtensibilityGlobals) = postSolution
		SolutionGuid = {B0468361-7C7A-49FE-97FA-FF3BD74E7442}
	EndGlobalSection
EndGlobal
